PODS:
  - Mapbox-iOS-SDK (4.8.0)

DEPENDENCIES:
  - Mapbox-iOS-SDK (~> 4.8)

SPEC REPOS:
  https://github.com/cocoapods/specs.git:
    - Mapbox-iOS-SDK

SPEC CHECKSUMS:
  Mapbox-iOS-SDK: 864bc732a20c183d87f04923295e988b504453d9

PODFILE CHECKSUM: 413ffa52a0193d2e77a604c6acac85429e544781

COCOAPODS: 1.5.3
