PODS:
  - Mapbox-iOS-SDK (4.8.0)

DEPENDENCIES:
  - Mapbox-iOS-SDK (~> 4.8)

SPEC REPOS:
  https://github.com/cocoapods/specs.git:
    - Mapbox-iOS-SDK

SPEC CHECKSUMS:
  Mapbox-iOS-SDK: 864bc732a20c183d87f04923295e988b504453d9

PODFILE CHECKSUM: 48caf375300706ca0251b35218148ceb9e9570f0

COCOAPODS: 1.5.3
