// !$*UTF8*$!
{
	archiveVersion = 1;
	classes = {
	};
	objectVersion = 50;
	objects = {

/* Begin PBXBuildFile section */
		5233A912222F9E0E00A2F82E /* Colors.swift in Sources */ = {isa = PBXBuildFile; fileRef = 5233A911222F9E0E00A2F82E /* Colors.swift */; };
		523AC29722221A66007F23C0 /* DatasetLoader.swift in Sources */ = {isa = PBXBuildFile; fileRef = 523AC29622221A66007F23C0 /* DatasetLoader.swift */; };
		523AC29D22221B5B007F23C0 /* Location.swift in Sources */ = {isa = PBXBuildFile; fileRef = 523AC29C22221B5B007F23C0 /* Location.swift */; };
		524A47CA222F02FA00E00291 /* CityCompaniesCell.swift in Sources */ = {isa = PBXBuildFile; fileRef = 524A47C7222F02FA00E00291 /* CityCompaniesCell.swift */; };
		524A47CB222F02FA00E00291 /* CityCompaniesViewModel.swift in Sources */ = {isa = PBXBuildFile; fileRef = 524A47C8222F02FA00E00291 /* CityCompaniesViewModel.swift */; };
		524A47CC222F02FA00E00291 /* CityCompaniesCell.xib in Resources */ = {isa = PBXBuildFile; fileRef = 524A47C9222F02FA00E00291 /* CityCompaniesCell.xib */; };
		524A47D1222F031500E00291 /* CityCompanyHeaderCell.swift in Sources */ = {isa = PBXBuildFile; fileRef = 524A47CE222F031500E00291 /* CityCompanyHeaderCell.swift */; };
		524A47D2222F031500E00291 /* CityCompanyHeaderViewModel.swift in Sources */ = {isa = PBXBuildFile; fileRef = 524A47CF222F031500E00291 /* CityCompanyHeaderViewModel.swift */; };
		524A47D3222F031500E00291 /* CityCompanyHeaderCell.xib in Resources */ = {isa = PBXBuildFile; fileRef = 524A47D0222F031500E00291 /* CityCompanyHeaderCell.xib */; };
		524A47D9222F054800E00291 /* CityCompanyCollectionCellViewModel.swift in Sources */ = {isa = PBXBuildFile; fileRef = 524A47D6222F054800E00291 /* CityCompanyCollectionCellViewModel.swift */; };
		524A47DA222F054800E00291 /* CityCompanyCollectionCell.swift in Sources */ = {isa = PBXBuildFile; fileRef = 524A47D7222F054800E00291 /* CityCompanyCollectionCell.swift */; };
		524A47DB222F054800E00291 /* CityCompanyCollectionCell.xib in Resources */ = {isa = PBXBuildFile; fileRef = 524A47D8222F054800E00291 /* CityCompanyCollectionCell.xib */; };
		525F662D222A05CE0020FC65 /* Font.swift in Sources */ = {isa = PBXBuildFile; fileRef = 525F662C222A05CE0020FC65 /* Font.swift */; };
		525F6631222A06420020FC65 /* CircularStd-Bold.otf in Resources */ = {isa = PBXBuildFile; fileRef = 525F662F222A061F0020FC65 /* CircularStd-Bold.otf */; };
		525F6632222A06420020FC65 /* CircularStd-Book.otf in Resources */ = {isa = PBXBuildFile; fileRef = 525F6630222A061F0020FC65 /* CircularStd-Book.otf */; };
		525F6633222A06420020FC65 /* CircularStd-Medium.otf in Resources */ = {isa = PBXBuildFile; fileRef = 525F662E222A061F0020FC65 /* CircularStd-Medium.otf */; };
		525F6635222A21B80020FC65 /* PassthroughNavigationController.swift in Sources */ = {isa = PBXBuildFile; fileRef = 525F6634222A21B80020FC65 /* PassthroughNavigationController.swift */; };
		525F6639222A40A20020FC65 /* CityViewController.swift in Sources */ = {isa = PBXBuildFile; fileRef = 525F6636222A40A20020FC65 /* CityViewController.swift */; };
		525F663A222A40A20020FC65 /* CityViewModel.swift in Sources */ = {isa = PBXBuildFile; fileRef = 525F6637222A40A20020FC65 /* CityViewModel.swift */; };
		525F663B222A40A20020FC65 /* CityViewController.xib in Resources */ = {isa = PBXBuildFile; fileRef = 525F6638222A40A20020FC65 /* CityViewController.xib */; };
		525F6640222A44E20020FC65 /* CityHeaderCell.swift in Sources */ = {isa = PBXBuildFile; fileRef = 525F663D222A44E20020FC65 /* CityHeaderCell.swift */; };
		525F6641222A44E20020FC65 /* CityHeaderViewModel.swift in Sources */ = {isa = PBXBuildFile; fileRef = 525F663E222A44E20020FC65 /* CityHeaderViewModel.swift */; };
		525F6642222A44E20020FC65 /* CityHeaderCell.xib in Resources */ = {isa = PBXBuildFile; fileRef = 525F663F222A44E20020FC65 /* CityHeaderCell.xib */; };
		525F6645222A46980020FC65 /* UITableView+Nib.swift in Sources */ = {isa = PBXBuildFile; fileRef = 525F6644222A46980020FC65 /* UITableView+Nib.swift */; };
		525F664A222A50270020FC65 /* CityImageCell.swift in Sources */ = {isa = PBXBuildFile; fileRef = 525F6647222A50260020FC65 /* CityImageCell.swift */; };
		525F664B222A50270020FC65 /* CityImageViewModel.swift in Sources */ = {isa = PBXBuildFile; fileRef = 525F6648222A50260020FC65 /* CityImageViewModel.swift */; };
		525F664C222A50270020FC65 /* CityImageCell.xib in Resources */ = {isa = PBXBuildFile; fileRef = 525F6649222A50260020FC65 /* CityImageCell.xib */; };
		525F6651222A63B90020FC65 /* CityStatisticsCell.swift in Sources */ = {isa = PBXBuildFile; fileRef = 525F664E222A63B90020FC65 /* CityStatisticsCell.swift */; };
		525F6652222A63B90020FC65 /* CityStatisticsViewModel.swift in Sources */ = {isa = PBXBuildFile; fileRef = 525F664F222A63B90020FC65 /* CityStatisticsViewModel.swift */; };
		525F6653222A63B90020FC65 /* CityStatisticsCell.xib in Resources */ = {isa = PBXBuildFile; fileRef = 525F6650222A63B90020FC65 /* CityStatisticsCell.xib */; };
		525F6658222A68BC0020FC65 /* StatisticCollectionCellViewModel.swift in Sources */ = {isa = PBXBuildFile; fileRef = 525F6655222A68BC0020FC65 /* StatisticCollectionCellViewModel.swift */; };
		525F6659222A68BC0020FC65 /* StatisticCollectionCell.swift in Sources */ = {isa = PBXBuildFile; fileRef = 525F6656222A68BC0020FC65 /* StatisticCollectionCell.swift */; };
		525F665A222A68BC0020FC65 /* StatisticCollectionCell.xib in Resources */ = {isa = PBXBuildFile; fileRef = 525F6657222A68BC0020FC65 /* StatisticCollectionCell.xib */; };
		525F665D222A6C550020FC65 /* Int+Commas.swift in Sources */ = {isa = PBXBuildFile; fileRef = 525F665C222A6C550020FC65 /* Int+Commas.swift */; };
		525F665F222A73A00020FC65 /* UICollectionView+Nib.swift in Sources */ = {isa = PBXBuildFile; fileRef = 525F665E222A73A00020FC65 /* UICollectionView+Nib.swift */; };
		5277D5AF221E766000464E64 /* AppDelegate.swift in Sources */ = {isa = PBXBuildFile; fileRef = 5277D5AE221E766000464E64 /* AppDelegate.swift */; };
		5277D5B6221E766200464E64 /* Assets.xcassets in Resources */ = {isa = PBXBuildFile; fileRef = 5277D5B5221E766200464E64 /* Assets.xcassets */; };
		5277D5B9221E766200464E64 /* LaunchScreen.storyboard in Resources */ = {isa = PBXBuildFile; fileRef = 5277D5B7221E766200464E64 /* LaunchScreen.storyboard */; };
		5277D5C4221E766200464E64 /* L3Tests.swift in Sources */ = {isa = PBXBuildFile; fileRef = 5277D5C3221E766200464E64 /* L3Tests.swift */; };
		5277D5CF221E766200464E64 /* L3UITests.swift in Sources */ = {isa = PBXBuildFile; fileRef = 5277D5CE221E766200464E64 /* L3UITests.swift */; };
		5277D5DF222226AF00464E64 /* DataManager.swift in Sources */ = {isa = PBXBuildFile; fileRef = 5277D5DE222226AF00464E64 /* DataManager.swift */; };
		5277D5E12222273400464E64 /* LocationParser.swift in Sources */ = {isa = PBXBuildFile; fileRef = 5277D5E02222273400464E64 /* LocationParser.swift */; };
		5277D5E322222B6300464E64 /* master_locations.json in Resources */ = {isa = PBXBuildFile; fileRef = 5277D5E222222B6300464E64 /* master_locations.json */; };
		5277D5E5222257DE00464E64 /* PulseColors.swift in Sources */ = {isa = PBXBuildFile; fileRef = 5277D5E4222257DE00464E64 /* PulseColors.swift */; };
		5277D6222228621000464E64 /* Coordinator.swift in Sources */ = {isa = PBXBuildFile; fileRef = 5277D6212228621000464E64 /* Coordinator.swift */; };
		5277D6252228624000464E64 /* AppCoordinator.swift in Sources */ = {isa = PBXBuildFile; fileRef = 5277D6242228624000464E64 /* AppCoordinator.swift */; };
		5277D628222862EA00464E64 /* ContentCoordinator.swift in Sources */ = {isa = PBXBuildFile; fileRef = 5277D627222862EA00464E64 /* ContentCoordinator.swift */; };
		5277D62C2228648B00464E64 /* MapViewController.swift in Sources */ = {isa = PBXBuildFile; fileRef = 5277D6292228648B00464E64 /* MapViewController.swift */; };
		5277D62D2228648B00464E64 /* MapViewModel.swift in Sources */ = {isa = PBXBuildFile; fileRef = 5277D62A2228648B00464E64 /* MapViewModel.swift */; };
		5277D62E2228648B00464E64 /* MapViewController.xib in Resources */ = {isa = PBXBuildFile; fileRef = 5277D62B2228648B00464E64 /* MapViewController.xib */; };
		5288B18F2228C5D300B4F874 /* PanelViewController.swift in Sources */ = {isa = PBXBuildFile; fileRef = 5288B18C2228C5D300B4F874 /* PanelViewController.swift */; };
		5288B1902228C5D300B4F874 /* PanelViewModel.swift in Sources */ = {isa = PBXBuildFile; fileRef = 5288B18D2228C5D300B4F874 /* PanelViewModel.swift */; };
		5288B1912228C5D300B4F874 /* PanelViewController.xib in Resources */ = {isa = PBXBuildFile; fileRef = 5288B18E2228C5D300B4F874 /* PanelViewController.xib */; };
		5288B1932228D07700B4F874 /* PanelCoordinator.swift in Sources */ = {isa = PBXBuildFile; fileRef = 5288B1922228D07700B4F874 /* PanelCoordinator.swift */; };
		5288B196222E1E6B00B4F874 /* CityCompany.swift in Sources */ = {isa = PBXBuildFile; fileRef = 5288B195222E1E6A00B4F874 /* CityCompany.swift */; };
		5288B198222E212200B4F874 /* CityCompanyParser.swift in Sources */ = {isa = PBXBuildFile; fileRef = 5288B197222E212200B4F874 /* CityCompanyParser.swift */; };
		5288B19B222F57BC00B4F874 /* ThemeManager.swift in Sources */ = {isa = PBXBuildFile; fileRef = 5288B19A222F57BC00B4F874 /* ThemeManager.swift */; };
		5288B19D222F589A00B4F874 /* UserDefaultsManager.swift in Sources */ = {isa = PBXBuildFile; fileRef = 5288B19C222F589A00B4F874 /* UserDefaultsManager.swift */; };
		5288B19F222F60CB00B4F874 /* Themeable.swift in Sources */ = {isa = PBXBuildFile; fileRef = 5288B19E222F60CB00B4F874 /* Themeable.swift */; };
		5288B1A12230419E00B4F874 /* PanelAnimationController.swift in Sources */ = {isa = PBXBuildFile; fileRef = 5288B1A02230419E00B4F874 /* PanelAnimationController.swift */; };
		52D4165C223459B60080E8E0 /* TextLoader.swift in Sources */ = {isa = PBXBuildFile; fileRef = 52D4165B223459B60080E8E0 /* TextLoader.swift */; };
		7CE4E450A3C04E8E453487A5 /* Pods_L3Tests.framework in Frameworks */ = {isa = PBXBuildFile; fileRef = E1BFD0EE2094DC064DE0CFCB /* Pods_L3Tests.framework */; };
		8B69B7635AE8702018FB9391 /* Pods_L3UITests.framework in Frameworks */ = {isa = PBXBuildFile; fileRef = E15578F7122411A9EB77640A /* Pods_L3UITests.framework */; };
		E44037C5F6E5D413DDC6A349 /* Pods_L3.framework in Frameworks */ = {isa = PBXBuildFile; fileRef = EE3A5D282D8C083F124C5DC4 /* Pods_L3.framework */; };
/* End PBXBuildFile section */

/* Begin PBXContainerItemProxy section */
		5277D5C0221E766200464E64 /* PBXContainerItemProxy */ = {
			isa = PBXContainerItemProxy;
			containerPortal = 5277D5A3221E766000464E64 /* Project object */;
			proxyType = 1;
			remoteGlobalIDString = 5277D5AA221E766000464E64;
			remoteInfo = L3;
		};
		5277D5CB221E766200464E64 /* PBXContainerItemProxy */ = {
			isa = PBXContainerItemProxy;
			containerPortal = 5277D5A3221E766000464E64 /* Project object */;
			proxyType = 1;
			remoteGlobalIDString = 5277D5AA221E766000464E64;
			remoteInfo = L3;
		};
/* End PBXContainerItemProxy section */

/* Begin PBXFileReference section */
		2B581217E685FE8D31FC0D30 /* Pods-L3.debug.xcconfig */ = {isa = PBXFileReference; includeInIndex = 1; lastKnownFileType = text.xcconfig; name = "Pods-L3.debug.xcconfig"; path = "Pods/Target Support Files/Pods-L3/Pods-L3.debug.xcconfig"; sourceTree = "<group>"; };
		5233A911222F9E0E00A2F82E /* Colors.swift */ = {isa = PBXFileReference; lastKnownFileType = sourcecode.swift; path = Colors.swift; sourceTree = "<group>"; };
		523AC29622221A66007F23C0 /* DatasetLoader.swift */ = {isa = PBXFileReference; lastKnownFileType = sourcecode.swift; path = DatasetLoader.swift; sourceTree = "<group>"; };
		523AC29C22221B5B007F23C0 /* Location.swift */ = {isa = PBXFileReference; lastKnownFileType = sourcecode.swift; path = Location.swift; sourceTree = "<group>"; };
		524A47C7222F02FA00E00291 /* CityCompaniesCell.swift */ = {isa = PBXFileReference; lastKnownFileType = sourcecode.swift; path = CityCompaniesCell.swift; sourceTree = "<group>"; };
		524A47C8222F02FA00E00291 /* CityCompaniesViewModel.swift */ = {isa = PBXFileReference; lastKnownFileType = sourcecode.swift; path = CityCompaniesViewModel.swift; sourceTree = "<group>"; };
		524A47C9222F02FA00E00291 /* CityCompaniesCell.xib */ = {isa = PBXFileReference; lastKnownFileType = file.xib; path = CityCompaniesCell.xib; sourceTree = "<group>"; };
		524A47CE222F031500E00291 /* CityCompanyHeaderCell.swift */ = {isa = PBXFileReference; lastKnownFileType = sourcecode.swift; path = CityCompanyHeaderCell.swift; sourceTree = "<group>"; };
		524A47CF222F031500E00291 /* CityCompanyHeaderViewModel.swift */ = {isa = PBXFileReference; lastKnownFileType = sourcecode.swift; path = CityCompanyHeaderViewModel.swift; sourceTree = "<group>"; };
		524A47D0222F031500E00291 /* CityCompanyHeaderCell.xib */ = {isa = PBXFileReference; lastKnownFileType = file.xib; path = CityCompanyHeaderCell.xib; sourceTree = "<group>"; };
		524A47D6222F054800E00291 /* CityCompanyCollectionCellViewModel.swift */ = {isa = PBXFileReference; lastKnownFileType = sourcecode.swift; path = CityCompanyCollectionCellViewModel.swift; sourceTree = "<group>"; };
		524A47D7222F054800E00291 /* CityCompanyCollectionCell.swift */ = {isa = PBXFileReference; lastKnownFileType = sourcecode.swift; path = CityCompanyCollectionCell.swift; sourceTree = "<group>"; };
		524A47D8222F054800E00291 /* CityCompanyCollectionCell.xib */ = {isa = PBXFileReference; lastKnownFileType = file.xib; path = CityCompanyCollectionCell.xib; sourceTree = "<group>"; };
		525F662C222A05CE0020FC65 /* Font.swift */ = {isa = PBXFileReference; lastKnownFileType = sourcecode.swift; path = Font.swift; sourceTree = "<group>"; };
		525F662E222A061F0020FC65 /* CircularStd-Medium.otf */ = {isa = PBXFileReference; lastKnownFileType = file; path = "CircularStd-Medium.otf"; sourceTree = "<group>"; };
		525F662F222A061F0020FC65 /* CircularStd-Bold.otf */ = {isa = PBXFileReference; lastKnownFileType = file; path = "CircularStd-Bold.otf"; sourceTree = "<group>"; };
		525F6630222A061F0020FC65 /* CircularStd-Book.otf */ = {isa = PBXFileReference; lastKnownFileType = file; path = "CircularStd-Book.otf"; sourceTree = "<group>"; };
		525F6634222A21B80020FC65 /* PassthroughNavigationController.swift */ = {isa = PBXFileReference; lastKnownFileType = sourcecode.swift; path = PassthroughNavigationController.swift; sourceTree = "<group>"; };
		525F6636222A40A20020FC65 /* CityViewController.swift */ = {isa = PBXFileReference; lastKnownFileType = sourcecode.swift; path = CityViewController.swift; sourceTree = "<group>"; };
		525F6637222A40A20020FC65 /* CityViewModel.swift */ = {isa = PBXFileReference; lastKnownFileType = sourcecode.swift; path = CityViewModel.swift; sourceTree = "<group>"; };
		525F6638222A40A20020FC65 /* CityViewController.xib */ = {isa = PBXFileReference; lastKnownFileType = file.xib; path = CityViewController.xib; sourceTree = "<group>"; };
		525F663D222A44E20020FC65 /* CityHeaderCell.swift */ = {isa = PBXFileReference; lastKnownFileType = sourcecode.swift; path = CityHeaderCell.swift; sourceTree = "<group>"; };
		525F663E222A44E20020FC65 /* CityHeaderViewModel.swift */ = {isa = PBXFileReference; lastKnownFileType = sourcecode.swift; path = CityHeaderViewModel.swift; sourceTree = "<group>"; };
		525F663F222A44E20020FC65 /* CityHeaderCell.xib */ = {isa = PBXFileReference; lastKnownFileType = file.xib; path = CityHeaderCell.xib; sourceTree = "<group>"; };
		525F6644222A46980020FC65 /* UITableView+Nib.swift */ = {isa = PBXFileReference; lastKnownFileType = sourcecode.swift; path = "UITableView+Nib.swift"; sourceTree = "<group>"; };
		525F6647222A50260020FC65 /* CityImageCell.swift */ = {isa = PBXFileReference; lastKnownFileType = sourcecode.swift; path = CityImageCell.swift; sourceTree = "<group>"; };
		525F6648222A50260020FC65 /* CityImageViewModel.swift */ = {isa = PBXFileReference; lastKnownFileType = sourcecode.swift; path = CityImageViewModel.swift; sourceTree = "<group>"; };
		525F6649222A50260020FC65 /* CityImageCell.xib */ = {isa = PBXFileReference; lastKnownFileType = file.xib; path = CityImageCell.xib; sourceTree = "<group>"; };
		525F664E222A63B90020FC65 /* CityStatisticsCell.swift */ = {isa = PBXFileReference; lastKnownFileType = sourcecode.swift; path = CityStatisticsCell.swift; sourceTree = "<group>"; };
		525F664F222A63B90020FC65 /* CityStatisticsViewModel.swift */ = {isa = PBXFileReference; lastKnownFileType = sourcecode.swift; path = CityStatisticsViewModel.swift; sourceTree = "<group>"; };
		525F6650222A63B90020FC65 /* CityStatisticsCell.xib */ = {isa = PBXFileReference; lastKnownFileType = file.xib; path = CityStatisticsCell.xib; sourceTree = "<group>"; };
		525F6655222A68BC0020FC65 /* StatisticCollectionCellViewModel.swift */ = {isa = PBXFileReference; lastKnownFileType = sourcecode.swift; path = StatisticCollectionCellViewModel.swift; sourceTree = "<group>"; };
		525F6656222A68BC0020FC65 /* StatisticCollectionCell.swift */ = {isa = PBXFileReference; lastKnownFileType = sourcecode.swift; path = StatisticCollectionCell.swift; sourceTree = "<group>"; };
		525F6657222A68BC0020FC65 /* StatisticCollectionCell.xib */ = {isa = PBXFileReference; lastKnownFileType = file.xib; path = StatisticCollectionCell.xib; sourceTree = "<group>"; };
		525F665C222A6C550020FC65 /* Int+Commas.swift */ = {isa = PBXFileReference; lastKnownFileType = sourcecode.swift; path = "Int+Commas.swift"; sourceTree = "<group>"; };
		525F665E222A73A00020FC65 /* UICollectionView+Nib.swift */ = {isa = PBXFileReference; lastKnownFileType = sourcecode.swift; path = "UICollectionView+Nib.swift"; sourceTree = "<group>"; };
		5277D5AB221E766000464E64 /* L3.app */ = {isa = PBXFileReference; explicitFileType = wrapper.application; includeInIndex = 0; path = L3.app; sourceTree = BUILT_PRODUCTS_DIR; };
		5277D5AE221E766000464E64 /* AppDelegate.swift */ = {isa = PBXFileReference; lastKnownFileType = sourcecode.swift; path = AppDelegate.swift; sourceTree = "<group>"; };
		5277D5B5221E766200464E64 /* Assets.xcassets */ = {isa = PBXFileReference; lastKnownFileType = folder.assetcatalog; path = Assets.xcassets; sourceTree = "<group>"; };
		5277D5B8221E766200464E64 /* Base */ = {isa = PBXFileReference; lastKnownFileType = file.storyboard; name = Base; path = Base.lproj/LaunchScreen.storyboard; sourceTree = "<group>"; };
		5277D5BA221E766200464E64 /* Info.plist */ = {isa = PBXFileReference; lastKnownFileType = text.plist.xml; path = Info.plist; sourceTree = "<group>"; };
		5277D5BF221E766200464E64 /* L3Tests.xctest */ = {isa = PBXFileReference; explicitFileType = wrapper.cfbundle; includeInIndex = 0; path = L3Tests.xctest; sourceTree = BUILT_PRODUCTS_DIR; };
		5277D5C3221E766200464E64 /* L3Tests.swift */ = {isa = PBXFileReference; lastKnownFileType = sourcecode.swift; path = L3Tests.swift; sourceTree = "<group>"; };
		5277D5C5221E766200464E64 /* Info.plist */ = {isa = PBXFileReference; lastKnownFileType = text.plist.xml; path = Info.plist; sourceTree = "<group>"; };
		5277D5CA221E766200464E64 /* L3UITests.xctest */ = {isa = PBXFileReference; explicitFileType = wrapper.cfbundle; includeInIndex = 0; path = L3UITests.xctest; sourceTree = BUILT_PRODUCTS_DIR; };
		5277D5CE221E766200464E64 /* L3UITests.swift */ = {isa = PBXFileReference; lastKnownFileType = sourcecode.swift; path = L3UITests.swift; sourceTree = "<group>"; };
		5277D5D0221E766200464E64 /* Info.plist */ = {isa = PBXFileReference; lastKnownFileType = text.plist.xml; path = Info.plist; sourceTree = "<group>"; };
		5277D5DE222226AF00464E64 /* DataManager.swift */ = {isa = PBXFileReference; lastKnownFileType = sourcecode.swift; path = DataManager.swift; sourceTree = "<group>"; };
		5277D5E02222273400464E64 /* LocationParser.swift */ = {isa = PBXFileReference; lastKnownFileType = sourcecode.swift; path = LocationParser.swift; sourceTree = "<group>"; };
		5277D5E222222B6300464E64 /* master_locations.json */ = {isa = PBXFileReference; fileEncoding = 4; lastKnownFileType = text.json; name = master_locations.json; path = ../../../master_locations.json; sourceTree = "<group>"; };
		5277D5E4222257DE00464E64 /* PulseColors.swift */ = {isa = PBXFileReference; lastKnownFileType = sourcecode.swift; path = PulseColors.swift; sourceTree = "<group>"; };
		5277D6212228621000464E64 /* Coordinator.swift */ = {isa = PBXFileReference; lastKnownFileType = sourcecode.swift; path = Coordinator.swift; sourceTree = "<group>"; };
		5277D6242228624000464E64 /* AppCoordinator.swift */ = {isa = PBXFileReference; lastKnownFileType = sourcecode.swift; path = AppCoordinator.swift; sourceTree = "<group>"; };
		5277D627222862EA00464E64 /* ContentCoordinator.swift */ = {isa = PBXFileReference; lastKnownFileType = sourcecode.swift; path = ContentCoordinator.swift; sourceTree = "<group>"; };
		5277D6292228648B00464E64 /* MapViewController.swift */ = {isa = PBXFileReference; lastKnownFileType = sourcecode.swift; path = MapViewController.swift; sourceTree = "<group>"; };
		5277D62A2228648B00464E64 /* MapViewModel.swift */ = {isa = PBXFileReference; lastKnownFileType = sourcecode.swift; path = MapViewModel.swift; sourceTree = "<group>"; };
		5277D62B2228648B00464E64 /* MapViewController.xib */ = {isa = PBXFileReference; lastKnownFileType = file.xib; path = MapViewController.xib; sourceTree = "<group>"; };
		5288B18C2228C5D300B4F874 /* PanelViewController.swift */ = {isa = PBXFileReference; lastKnownFileType = sourcecode.swift; path = PanelViewController.swift; sourceTree = "<group>"; };
		5288B18D2228C5D300B4F874 /* PanelViewModel.swift */ = {isa = PBXFileReference; lastKnownFileType = sourcecode.swift; path = PanelViewModel.swift; sourceTree = "<group>"; };
		5288B18E2228C5D300B4F874 /* PanelViewController.xib */ = {isa = PBXFileReference; lastKnownFileType = file.xib; path = PanelViewController.xib; sourceTree = "<group>"; };
		5288B1922228D07700B4F874 /* PanelCoordinator.swift */ = {isa = PBXFileReference; lastKnownFileType = sourcecode.swift; path = PanelCoordinator.swift; sourceTree = "<group>"; };
		5288B195222E1E6A00B4F874 /* CityCompany.swift */ = {isa = PBXFileReference; lastKnownFileType = sourcecode.swift; path = CityCompany.swift; sourceTree = "<group>"; };
		5288B197222E212200B4F874 /* CityCompanyParser.swift */ = {isa = PBXFileReference; lastKnownFileType = sourcecode.swift; path = CityCompanyParser.swift; sourceTree = "<group>"; };
		5288B19A222F57BC00B4F874 /* ThemeManager.swift */ = {isa = PBXFileReference; lastKnownFileType = sourcecode.swift; path = ThemeManager.swift; sourceTree = "<group>"; };
		5288B19C222F589A00B4F874 /* UserDefaultsManager.swift */ = {isa = PBXFileReference; lastKnownFileType = sourcecode.swift; path = UserDefaultsManager.swift; sourceTree = "<group>"; };
		5288B19E222F60CB00B4F874 /* Themeable.swift */ = {isa = PBXFileReference; lastKnownFileType = sourcecode.swift; name = Themeable.swift; path = /Users/Milton/Developer/L3/L3/L3/Protocols/Themeable.swift; sourceTree = "<absolute>"; };
		5288B1A02230419E00B4F874 /* PanelAnimationController.swift */ = {isa = PBXFileReference; lastKnownFileType = sourcecode.swift; path = PanelAnimationController.swift; sourceTree = "<group>"; };
		52D4165B223459B60080E8E0 /* TextLoader.swift */ = {isa = PBXFileReference; lastKnownFileType = sourcecode.swift; path = TextLoader.swift; sourceTree = "<group>"; };
		5D9748D800289A94D8A3AA9D /* Pods-L3UITests.debug.xcconfig */ = {isa = PBXFileReference; includeInIndex = 1; lastKnownFileType = text.xcconfig; name = "Pods-L3UITests.debug.xcconfig"; path = "Pods/Target Support Files/Pods-L3UITests/Pods-L3UITests.debug.xcconfig"; sourceTree = "<group>"; };
		6E5C48AC3B3BF6D4869DACEC /* Pods-L3.release.xcconfig */ = {isa = PBXFileReference; includeInIndex = 1; lastKnownFileType = text.xcconfig; name = "Pods-L3.release.xcconfig"; path = "Pods/Target Support Files/Pods-L3/Pods-L3.release.xcconfig"; sourceTree = "<group>"; };
		9D6FCC55E327EFA27013F2C6 /* Pods-L3UITests.release.xcconfig */ = {isa = PBXFileReference; includeInIndex = 1; lastKnownFileType = text.xcconfig; name = "Pods-L3UITests.release.xcconfig"; path = "Pods/Target Support Files/Pods-L3UITests/Pods-L3UITests.release.xcconfig"; sourceTree = "<group>"; };
		CFC64734AB0F0A8362C8E8DE /* Pods-L3Tests.debug.xcconfig */ = {isa = PBXFileReference; includeInIndex = 1; lastKnownFileType = text.xcconfig; name = "Pods-L3Tests.debug.xcconfig"; path = "Pods/Target Support Files/Pods-L3Tests/Pods-L3Tests.debug.xcconfig"; sourceTree = "<group>"; };
		E15578F7122411A9EB77640A /* Pods_L3UITests.framework */ = {isa = PBXFileReference; explicitFileType = wrapper.framework; includeInIndex = 0; path = Pods_L3UITests.framework; sourceTree = BUILT_PRODUCTS_DIR; };
		E1BFD0EE2094DC064DE0CFCB /* Pods_L3Tests.framework */ = {isa = PBXFileReference; explicitFileType = wrapper.framework; includeInIndex = 0; path = Pods_L3Tests.framework; sourceTree = BUILT_PRODUCTS_DIR; };
		EE3A5D282D8C083F124C5DC4 /* Pods_L3.framework */ = {isa = PBXFileReference; explicitFileType = wrapper.framework; includeInIndex = 0; path = Pods_L3.framework; sourceTree = BUILT_PRODUCTS_DIR; };
		EE9970D02E70770A29CF5F60 /* Pods-L3Tests.release.xcconfig */ = {isa = PBXFileReference; includeInIndex = 1; lastKnownFileType = text.xcconfig; name = "Pods-L3Tests.release.xcconfig"; path = "Pods/Target Support Files/Pods-L3Tests/Pods-L3Tests.release.xcconfig"; sourceTree = "<group>"; };
/* End PBXFileReference section */

/* Begin PBXFrameworksBuildPhase section */
		5277D5A8221E766000464E64 /* Frameworks */ = {
			isa = PBXFrameworksBuildPhase;
			buildActionMask = 2147483647;
			files = (
				E44037C5F6E5D413DDC6A349 /* Pods_L3.framework in Frameworks */,
			);
			runOnlyForDeploymentPostprocessing = 0;
		};
		5277D5BC221E766200464E64 /* Frameworks */ = {
			isa = PBXFrameworksBuildPhase;
			buildActionMask = 2147483647;
			files = (
				7CE4E450A3C04E8E453487A5 /* Pods_L3Tests.framework in Frameworks */,
			);
			runOnlyForDeploymentPostprocessing = 0;
		};
		5277D5C7221E766200464E64 /* Frameworks */ = {
			isa = PBXFrameworksBuildPhase;
			buildActionMask = 2147483647;
			files = (
				8B69B7635AE8702018FB9391 /* Pods_L3UITests.framework in Frameworks */,
			);
			runOnlyForDeploymentPostprocessing = 0;
		};
/* End PBXFrameworksBuildPhase section */

/* Begin PBXGroup section */
		31765C2BC215E618D7E4F4A9 /* Pods */ = {
			isa = PBXGroup;
			children = (
				CFC64734AB0F0A8362C8E8DE /* Pods-L3Tests.debug.xcconfig */,
				EE9970D02E70770A29CF5F60 /* Pods-L3Tests.release.xcconfig */,
				5D9748D800289A94D8A3AA9D /* Pods-L3UITests.debug.xcconfig */,
				9D6FCC55E327EFA27013F2C6 /* Pods-L3UITests.release.xcconfig */,
				2B581217E685FE8D31FC0D30 /* Pods-L3.debug.xcconfig */,
				6E5C48AC3B3BF6D4869DACEC /* Pods-L3.release.xcconfig */,
			);
			name = Pods;
			sourceTree = "<group>";
		};
		523AC29822221A74007F23C0 /* Services */ = {
			isa = PBXGroup;
			children = (
				5288B199222F578E00B4F874 /* Parsers */,
				523AC29622221A66007F23C0 /* DatasetLoader.swift */,
				52D4165B223459B60080E8E0 /* TextLoader.swift */,
				5288B19C222F589A00B4F874 /* UserDefaultsManager.swift */,
				5277D5DE222226AF00464E64 /* DataManager.swift */,
			);
			path = Services;
			sourceTree = "<group>";
		};
		523AC29B22221AA5007F23C0 /* Resources */ = {
			isa = PBXGroup;
			children = (
				525F662F222A061F0020FC65 /* CircularStd-Bold.otf */,
				525F6630222A061F0020FC65 /* CircularStd-Book.otf */,
				525F662E222A061F0020FC65 /* CircularStd-Medium.otf */,
				5277D5B5221E766200464E64 /* Assets.xcassets */,
				5277D5E222222B6300464E64 /* master_locations.json */,
			);
			path = Resources;
			sourceTree = "<group>";
		};
		524A47CD222F02FE00E00291 /* CityCompanies */ = {
			isa = PBXGroup;
			children = (
				524A47C7222F02FA00E00291 /* CityCompaniesCell.swift */,
				524A47C8222F02FA00E00291 /* CityCompaniesViewModel.swift */,
				524A47C9222F02FA00E00291 /* CityCompaniesCell.xib */,
				524A47DC222F058300E00291 /* CityCompanyCollection */,
			);
			path = CityCompanies;
			sourceTree = "<group>";
		};
		524A47D4222F031900E00291 /* CityCompanyHeader */ = {
			isa = PBXGroup;
			children = (
				524A47CE222F031500E00291 /* CityCompanyHeaderCell.swift */,
				524A47CF222F031500E00291 /* CityCompanyHeaderViewModel.swift */,
				524A47D0222F031500E00291 /* CityCompanyHeaderCell.xib */,
			);
			path = CityCompanyHeader;
			sourceTree = "<group>";
		};
		524A47D5222F032600E00291 /* CityCompany */ = {
			isa = PBXGroup;
			children = (
				524A47D4222F031900E00291 /* CityCompanyHeader */,
				524A47CD222F02FE00E00291 /* CityCompanies */,
			);
			path = CityCompany;
			sourceTree = "<group>";
		};
		524A47DC222F058300E00291 /* CityCompanyCollection */ = {
			isa = PBXGroup;
			children = (
				524A47D6222F054800E00291 /* CityCompanyCollectionCellViewModel.swift */,
				524A47D7222F054800E00291 /* CityCompanyCollectionCell.swift */,
				524A47D8222F054800E00291 /* CityCompanyCollectionCell.xib */,
			);
			path = CityCompanyCollection;
			sourceTree = "<group>";
		};
		525F663C222A40AA0020FC65 /* City */ = {
			isa = PBXGroup;
			children = (
				525F6636222A40A20020FC65 /* CityViewController.swift */,
				525F6637222A40A20020FC65 /* CityViewModel.swift */,
				525F6638222A40A20020FC65 /* CityViewController.xib */,
				525F6643222A44ED0020FC65 /* CityHeader */,
				525F664D222A502C0020FC65 /* CityImage */,
				525F6654222A63C30020FC65 /* CityStatistics */,
				524A47D5222F032600E00291 /* CityCompany */,
			);
			path = City;
			sourceTree = "<group>";
		};
		525F6643222A44ED0020FC65 /* CityHeader */ = {
			isa = PBXGroup;
			children = (
				525F663D222A44E20020FC65 /* CityHeaderCell.swift */,
				525F663E222A44E20020FC65 /* CityHeaderViewModel.swift */,
				525F663F222A44E20020FC65 /* CityHeaderCell.xib */,
			);
			path = CityHeader;
			sourceTree = "<group>";
		};
		525F6646222A46A40020FC65 /* Extensions */ = {
			isa = PBXGroup;
			children = (
				525F6644222A46980020FC65 /* UITableView+Nib.swift */,
				525F665E222A73A00020FC65 /* UICollectionView+Nib.swift */,
				525F665C222A6C550020FC65 /* Int+Commas.swift */,
			);
			path = Extensions;
			sourceTree = "<group>";
		};
		525F664D222A502C0020FC65 /* CityImage */ = {
			isa = PBXGroup;
			children = (
				525F6647222A50260020FC65 /* CityImageCell.swift */,
				525F6648222A50260020FC65 /* CityImageViewModel.swift */,
				525F6649222A50260020FC65 /* CityImageCell.xib */,
			);
			path = CityImage;
			sourceTree = "<group>";
		};
		525F6654222A63C30020FC65 /* CityStatistics */ = {
			isa = PBXGroup;
			children = (
				525F664E222A63B90020FC65 /* CityStatisticsCell.swift */,
				525F664F222A63B90020FC65 /* CityStatisticsViewModel.swift */,
				525F6650222A63B90020FC65 /* CityStatisticsCell.xib */,
				525F665B222A68CD0020FC65 /* StatisticCollection */,
			);
			path = CityStatistics;
			sourceTree = "<group>";
		};
		525F665B222A68CD0020FC65 /* StatisticCollection */ = {
			isa = PBXGroup;
			children = (
				525F6655222A68BC0020FC65 /* StatisticCollectionCellViewModel.swift */,
				525F6656222A68BC0020FC65 /* StatisticCollectionCell.swift */,
				525F6657222A68BC0020FC65 /* StatisticCollectionCell.xib */,
			);
			path = StatisticCollection;
			sourceTree = "<group>";
		};
		5277D5A2221E766000464E64 = {
			isa = PBXGroup;
			children = (
				5277D5AD221E766000464E64 /* L3 */,
				5277D5C2221E766200464E64 /* L3Tests */,
				5277D5CD221E766200464E64 /* L3UITests */,
				5277D5AC221E766000464E64 /* Products */,
				31765C2BC215E618D7E4F4A9 /* Pods */,
				6F293F96303C486EB80E7168 /* Frameworks */,
			);
			sourceTree = "<group>";
		};
		5277D5AC221E766000464E64 /* Products */ = {
			isa = PBXGroup;
			children = (
				5277D5AB221E766000464E64 /* L3.app */,
				5277D5BF221E766200464E64 /* L3Tests.xctest */,
				5277D5CA221E766200464E64 /* L3UITests.xctest */,
			);
			name = Products;
			sourceTree = "<group>";
		};
		5277D5AD221E766000464E64 /* L3 */ = {
			isa = PBXGroup;
			children = (
				5277D62F2228649300464E64 /* Modules */,
				5277D6262228624300464E64 /* Coordinators */,
				5277D5E6222257E200464E64 /* Styling */,
				5277D5DD2222254C00464E64 /* Models */,
				523AC29822221A74007F23C0 /* Services */,
				525F6646222A46A40020FC65 /* Extensions */,
				5277D6232228622500464E64 /* Protocols */,
				523AC29B22221AA5007F23C0 /* Resources */,
				5277D5AE221E766000464E64 /* AppDelegate.swift */,
				5277D5B7221E766200464E64 /* LaunchScreen.storyboard */,
				5277D5BA221E766200464E64 /* Info.plist */,
			);
			path = L3;
			sourceTree = "<group>";
		};
		5277D5C2221E766200464E64 /* L3Tests */ = {
			isa = PBXGroup;
			children = (
				5277D5C3221E766200464E64 /* L3Tests.swift */,
				5277D5C5221E766200464E64 /* Info.plist */,
			);
			path = L3Tests;
			sourceTree = "<group>";
		};
		5277D5CD221E766200464E64 /* L3UITests */ = {
			isa = PBXGroup;
			children = (
				5277D5CE221E766200464E64 /* L3UITests.swift */,
				5277D5D0221E766200464E64 /* Info.plist */,
			);
			path = L3UITests;
			sourceTree = "<group>";
		};
		5277D5DD2222254C00464E64 /* Models */ = {
			isa = PBXGroup;
			children = (
				523AC29C22221B5B007F23C0 /* Location.swift */,
				5288B195222E1E6A00B4F874 /* CityCompany.swift */,
			);
			path = Models;
			sourceTree = "<group>";
		};
		5277D5E6222257E200464E64 /* Styling */ = {
			isa = PBXGroup;
			children = (
				5277D5E4222257DE00464E64 /* PulseColors.swift */,
				5288B1A02230419E00B4F874 /* PanelAnimationController.swift */,
				525F662C222A05CE0020FC65 /* Font.swift */,
				5288B19A222F57BC00B4F874 /* ThemeManager.swift */,
				5233A911222F9E0E00A2F82E /* Colors.swift */,
			);
			path = Styling;
			sourceTree = "<group>";
		};
		5277D6232228622500464E64 /* Protocols */ = {
			isa = PBXGroup;
			children = (
				5277D6212228621000464E64 /* Coordinator.swift */,
				5288B19E222F60CB00B4F874 /* Themeable.swift */,
			);
			path = Protocols;
			sourceTree = "<group>";
		};
		5277D6262228624300464E64 /* Coordinators */ = {
			isa = PBXGroup;
			children = (
				5277D6242228624000464E64 /* AppCoordinator.swift */,
				5277D627222862EA00464E64 /* ContentCoordinator.swift */,
				5288B1922228D07700B4F874 /* PanelCoordinator.swift */,
			);
			path = Coordinators;
			sourceTree = "<group>";
		};
		5277D62F2228649300464E64 /* Modules */ = {
			isa = PBXGroup;
			children = (
				5277D6302228649E00464E64 /* Map */,
				5288B1942229233100B4F874 /* Panel */,
				525F663C222A40AA0020FC65 /* City */,
			);
			path = Modules;
			sourceTree = "<group>";
		};
		5277D6302228649E00464E64 /* Map */ = {
			isa = PBXGroup;
			children = (
				5277D6292228648B00464E64 /* MapViewController.swift */,
				5277D62A2228648B00464E64 /* MapViewModel.swift */,
				5277D62B2228648B00464E64 /* MapViewController.xib */,
				525F6634222A21B80020FC65 /* PassthroughNavigationController.swift */,
			);
			path = Map;
			sourceTree = "<group>";
		};
		5288B1942229233100B4F874 /* Panel */ = {
			isa = PBXGroup;
			children = (
				5288B18C2228C5D300B4F874 /* PanelViewController.swift */,
				5288B18D2228C5D300B4F874 /* PanelViewModel.swift */,
				5288B18E2228C5D300B4F874 /* PanelViewController.xib */,
			);
			path = Panel;
			sourceTree = "<group>";
		};
		5288B199222F578E00B4F874 /* Parsers */ = {
			isa = PBXGroup;
			children = (
				5277D5E02222273400464E64 /* LocationParser.swift */,
				5288B197222E212200B4F874 /* CityCompanyParser.swift */,
			);
			path = Parsers;
			sourceTree = "<group>";
		};
		6F293F96303C486EB80E7168 /* Frameworks */ = {
			isa = PBXGroup;
			children = (
				EE3A5D282D8C083F124C5DC4 /* Pods_L3.framework */,
				E1BFD0EE2094DC064DE0CFCB /* Pods_L3Tests.framework */,
				E15578F7122411A9EB77640A /* Pods_L3UITests.framework */,
			);
			name = Frameworks;
			sourceTree = "<group>";
		};
/* End PBXGroup section */

/* Begin PBXNativeTarget section */
		5277D5AA221E766000464E64 /* L3 */ = {
			isa = PBXNativeTarget;
			buildConfigurationList = 5277D5D3221E766200464E64 /* Build configuration list for PBXNativeTarget "L3" */;
			buildPhases = (
				28D5CDD6419D23B454A91341 /* [CP] Check Pods Manifest.lock */,
				5277D5A7221E766000464E64 /* Sources */,
				5277D5A8221E766000464E64 /* Frameworks */,
				5277D5A9221E766000464E64 /* Resources */,
				90F0BA1DFC1589F72A71E3F4 /* [CP] Embed Pods Frameworks */,
			);
			buildRules = (
			);
			dependencies = (
			);
			name = L3;
			productName = L3;
			productReference = 5277D5AB221E766000464E64 /* L3.app */;
			productType = "com.apple.product-type.application";
		};
		5277D5BE221E766200464E64 /* L3Tests */ = {
			isa = PBXNativeTarget;
			buildConfigurationList = 5277D5D6221E766200464E64 /* Build configuration list for PBXNativeTarget "L3Tests" */;
			buildPhases = (
				12A21A9A8F29ADBF5F1F0645 /* [CP] Check Pods Manifest.lock */,
				5277D5BB221E766200464E64 /* Sources */,
				5277D5BC221E766200464E64 /* Frameworks */,
				5277D5BD221E766200464E64 /* Resources */,
			);
			buildRules = (
			);
			dependencies = (
				5277D5C1221E766200464E64 /* PBXTargetDependency */,
			);
			name = L3Tests;
			productName = L3Tests;
			productReference = 5277D5BF221E766200464E64 /* L3Tests.xctest */;
			productType = "com.apple.product-type.bundle.unit-test";
		};
		5277D5C9221E766200464E64 /* L3UITests */ = {
			isa = PBXNativeTarget;
			buildConfigurationList = 5277D5D9221E766200464E64 /* Build configuration list for PBXNativeTarget "L3UITests" */;
			buildPhases = (
				3A58F574EB2E45F1B4155EBE /* [CP] Check Pods Manifest.lock */,
				5277D5C6221E766200464E64 /* Sources */,
				5277D5C7221E766200464E64 /* Frameworks */,
				5277D5C8221E766200464E64 /* Resources */,
			);
			buildRules = (
			);
			dependencies = (
				5277D5CC221E766200464E64 /* PBXTargetDependency */,
			);
			name = L3UITests;
			productName = L3UITests;
			productReference = 5277D5CA221E766200464E64 /* L3UITests.xctest */;
			productType = "com.apple.product-type.bundle.ui-testing";
		};
/* End PBXNativeTarget section */

/* Begin PBXProject section */
		5277D5A3221E766000464E64 /* Project object */ = {
			isa = PBXProject;
			attributes = {
				LastSwiftUpdateCheck = 1010;
				LastUpgradeCheck = 1010;
				ORGANIZATIONNAME = ms;
				TargetAttributes = {
					5277D5AA221E766000464E64 = {
						CreatedOnToolsVersion = 10.1;
					};
					5277D5BE221E766200464E64 = {
						CreatedOnToolsVersion = 10.1;
						TestTargetID = 5277D5AA221E766000464E64;
					};
					5277D5C9221E766200464E64 = {
						CreatedOnToolsVersion = 10.1;
						TestTargetID = 5277D5AA221E766000464E64;
					};
				};
			};
			buildConfigurationList = 5277D5A6221E766000464E64 /* Build configuration list for PBXProject "L3" */;
			compatibilityVersion = "Xcode 9.3";
			developmentRegion = en;
			hasScannedForEncodings = 0;
			knownRegions = (
				en,
				Base,
			);
			mainGroup = 5277D5A2221E766000464E64;
			productRefGroup = 5277D5AC221E766000464E64 /* Products */;
			projectDirPath = "";
			projectRoot = "";
			targets = (
				5277D5AA221E766000464E64 /* L3 */,
				5277D5BE221E766200464E64 /* L3Tests */,
				5277D5C9221E766200464E64 /* L3UITests */,
			);
		};
/* End PBXProject section */

/* Begin PBXResourcesBuildPhase section */
		5277D5A9221E766000464E64 /* Resources */ = {
			isa = PBXResourcesBuildPhase;
			buildActionMask = 2147483647;
			files = (
				5277D5E322222B6300464E64 /* master_locations.json in Resources */,
				525F6631222A06420020FC65 /* CircularStd-Bold.otf in Resources */,
				524A47D3222F031500E00291 /* CityCompanyHeaderCell.xib in Resources */,
				5277D5B9221E766200464E64 /* LaunchScreen.storyboard in Resources */,
				525F6633222A06420020FC65 /* CircularStd-Medium.otf in Resources */,
				525F664C222A50270020FC65 /* CityImageCell.xib in Resources */,
				525F6632222A06420020FC65 /* CircularStd-Book.otf in Resources */,
				5277D5B6221E766200464E64 /* Assets.xcassets in Resources */,
				525F6653222A63B90020FC65 /* CityStatisticsCell.xib in Resources */,
				525F663B222A40A20020FC65 /* CityViewController.xib in Resources */,
				525F665A222A68BC0020FC65 /* StatisticCollectionCell.xib in Resources */,
				5277D62E2228648B00464E64 /* MapViewController.xib in Resources */,
				5288B1912228C5D300B4F874 /* PanelViewController.xib in Resources */,
				524A47CC222F02FA00E00291 /* CityCompaniesCell.xib in Resources */,
				525F6642222A44E20020FC65 /* CityHeaderCell.xib in Resources */,
				524A47DB222F054800E00291 /* CityCompanyCollectionCell.xib in Resources */,
			);
			runOnlyForDeploymentPostprocessing = 0;
		};
		5277D5BD221E766200464E64 /* Resources */ = {
			isa = PBXResourcesBuildPhase;
			buildActionMask = 2147483647;
			files = (
			);
			runOnlyForDeploymentPostprocessing = 0;
		};
		5277D5C8221E766200464E64 /* Resources */ = {
			isa = PBXResourcesBuildPhase;
			buildActionMask = 2147483647;
			files = (
			);
			runOnlyForDeploymentPostprocessing = 0;
		};
/* End PBXResourcesBuildPhase section */

/* Begin PBXShellScriptBuildPhase section */
		12A21A9A8F29ADBF5F1F0645 /* [CP] Check Pods Manifest.lock */ = {
			isa = PBXShellScriptBuildPhase;
			buildActionMask = 2147483647;
			files = (
			);
			inputFileListPaths = (
			);
			inputPaths = (
				"${PODS_PODFILE_DIR_PATH}/Podfile.lock",
				"${PODS_ROOT}/Manifest.lock",
			);
			name = "[CP] Check Pods Manifest.lock";
			outputFileListPaths = (
			);
			outputPaths = (
				"$(DERIVED_FILE_DIR)/Pods-L3Tests-checkManifestLockResult.txt",
			);
			runOnlyForDeploymentPostprocessing = 0;
			shellPath = /bin/sh;
			shellScript = "diff \"${PODS_PODFILE_DIR_PATH}/Podfile.lock\" \"${PODS_ROOT}/Manifest.lock\" > /dev/null\nif [ $? != 0 ] ; then\n    # print error to STDERR\n    echo \"error: The sandbox is not in sync with the Podfile.lock. Run 'pod install' or update your CocoaPods installation.\" >&2\n    exit 1\nfi\n# This output is used by Xcode 'outputs' to avoid re-running this script phase.\necho \"SUCCESS\" > \"${SCRIPT_OUTPUT_FILE_0}\"\n";
			showEnvVarsInLog = 0;
		};
		28D5CDD6419D23B454A91341 /* [CP] Check Pods Manifest.lock */ = {
			isa = PBXShellScriptBuildPhase;
			buildActionMask = 2147483647;
			files = (
			);
			inputFileListPaths = (
			);
			inputPaths = (
				"${PODS_PODFILE_DIR_PATH}/Podfile.lock",
				"${PODS_ROOT}/Manifest.lock",
			);
			name = "[CP] Check Pods Manifest.lock";
			outputFileListPaths = (
			);
			outputPaths = (
				"$(DERIVED_FILE_DIR)/Pods-L3-checkManifestLockResult.txt",
			);
			runOnlyForDeploymentPostprocessing = 0;
			shellPath = /bin/sh;
			shellScript = "diff \"${PODS_PODFILE_DIR_PATH}/Podfile.lock\" \"${PODS_ROOT}/Manifest.lock\" > /dev/null\nif [ $? != 0 ] ; then\n    # print error to STDERR\n    echo \"error: The sandbox is not in sync with the Podfile.lock. Run 'pod install' or update your CocoaPods installation.\" >&2\n    exit 1\nfi\n# This output is used by Xcode 'outputs' to avoid re-running this script phase.\necho \"SUCCESS\" > \"${SCRIPT_OUTPUT_FILE_0}\"\n";
			showEnvVarsInLog = 0;
		};
		3A58F574EB2E45F1B4155EBE /* [CP] Check Pods Manifest.lock */ = {
			isa = PBXShellScriptBuildPhase;
			buildActionMask = 2147483647;
			files = (
			);
			inputFileListPaths = (
			);
			inputPaths = (
				"${PODS_PODFILE_DIR_PATH}/Podfile.lock",
				"${PODS_ROOT}/Manifest.lock",
			);
			name = "[CP] Check Pods Manifest.lock";
			outputFileListPaths = (
			);
			outputPaths = (
				"$(DERIVED_FILE_DIR)/Pods-L3UITests-checkManifestLockResult.txt",
			);
			runOnlyForDeploymentPostprocessing = 0;
			shellPath = /bin/sh;
			shellScript = "diff \"${PODS_PODFILE_DIR_PATH}/Podfile.lock\" \"${PODS_ROOT}/Manifest.lock\" > /dev/null\nif [ $? != 0 ] ; then\n    # print error to STDERR\n    echo \"error: The sandbox is not in sync with the Podfile.lock. Run 'pod install' or update your CocoaPods installation.\" >&2\n    exit 1\nfi\n# This output is used by Xcode 'outputs' to avoid re-running this script phase.\necho \"SUCCESS\" > \"${SCRIPT_OUTPUT_FILE_0}\"\n";
			showEnvVarsInLog = 0;
		};
		90F0BA1DFC1589F72A71E3F4 /* [CP] Embed Pods Frameworks */ = {
			isa = PBXShellScriptBuildPhase;
			buildActionMask = 2147483647;
			files = (
			);
			inputFileListPaths = (
			);
			inputPaths = (
				"${SRCROOT}/Pods/Target Support Files/Pods-L3/Pods-L3-frameworks.sh",
				"${BUILT_PRODUCTS_DIR}/ChameleonFramework/ChameleonFramework.framework",
				"${BUILT_PRODUCTS_DIR}/Kingfisher/Kingfisher.framework",
				"${PODS_ROOT}/Mapbox-iOS-SDK/dynamic/Mapbox.framework",
				"${PODS_ROOT}/Mapbox-iOS-SDK/dynamic/Mapbox.framework.dSYM",
			);
			name = "[CP] Embed Pods Frameworks";
			outputFileListPaths = (
			);
			outputPaths = (
				"${TARGET_BUILD_DIR}/${FRAMEWORKS_FOLDER_PATH}/ChameleonFramework.framework",
				"${TARGET_BUILD_DIR}/${FRAMEWORKS_FOLDER_PATH}/Kingfisher.framework",
				"${TARGET_BUILD_DIR}/${FRAMEWORKS_FOLDER_PATH}/Mapbox.framework",
				"${DWARF_DSYM_FOLDER_PATH}/Mapbox.framework.dSYM",
			);
			runOnlyForDeploymentPostprocessing = 0;
			shellPath = /bin/sh;
			shellScript = "\"${SRCROOT}/Pods/Target Support Files/Pods-L3/Pods-L3-frameworks.sh\"\n";
			showEnvVarsInLog = 0;
		};
/* End PBXShellScriptBuildPhase section */

/* Begin PBXSourcesBuildPhase section */
		5277D5A7221E766000464E64 /* Sources */ = {
			isa = PBXSourcesBuildPhase;
			buildActionMask = 2147483647;
			files = (
				525F6659222A68BC0020FC65 /* StatisticCollectionCell.swift in Sources */,
				5277D62C2228648B00464E64 /* MapViewController.swift in Sources */,
				5288B198222E212200B4F874 /* CityCompanyParser.swift in Sources */,
				524A47D1222F031500E00291 /* CityCompanyHeaderCell.swift in Sources */,
				5277D6222228621000464E64 /* Coordinator.swift in Sources */,
				525F664A222A50270020FC65 /* CityImageCell.swift in Sources */,
				525F6652222A63B90020FC65 /* CityStatisticsViewModel.swift in Sources */,
				525F665D222A6C550020FC65 /* Int+Commas.swift in Sources */,
				525F662D222A05CE0020FC65 /* Font.swift in Sources */,
				525F6640222A44E20020FC65 /* CityHeaderCell.swift in Sources */,
				5277D628222862EA00464E64 /* ContentCoordinator.swift in Sources */,
				524A47CA222F02FA00E00291 /* CityCompaniesCell.swift in Sources */,
				524A47D2222F031500E00291 /* CityCompanyHeaderViewModel.swift in Sources */,
				525F6658222A68BC0020FC65 /* StatisticCollectionCellViewModel.swift in Sources */,
				5277D5DF222226AF00464E64 /* DataManager.swift in Sources */,
				5288B19B222F57BC00B4F874 /* ThemeManager.swift in Sources */,
				525F6651222A63B90020FC65 /* CityStatisticsCell.swift in Sources */,
				5288B19F222F60CB00B4F874 /* Themeable.swift in Sources */,
				524A47CB222F02FA00E00291 /* CityCompaniesViewModel.swift in Sources */,
				5277D5AF221E766000464E64 /* AppDelegate.swift in Sources */,
				525F664B222A50270020FC65 /* CityImageViewModel.swift in Sources */,
				5277D5E12222273400464E64 /* LocationParser.swift in Sources */,
				524A47D9222F054800E00291 /* CityCompanyCollectionCellViewModel.swift in Sources */,
				525F663A222A40A20020FC65 /* CityViewModel.swift in Sources */,
				5233A912222F9E0E00A2F82E /* Colors.swift in Sources */,
				525F6645222A46980020FC65 /* UITableView+Nib.swift in Sources */,
				523AC29D22221B5B007F23C0 /* Location.swift in Sources */,
				5288B1932228D07700B4F874 /* PanelCoordinator.swift in Sources */,
				5277D6252228624000464E64 /* AppCoordinator.swift in Sources */,
				523AC29722221A66007F23C0 /* DatasetLoader.swift in Sources */,
				5277D5E5222257DE00464E64 /* PulseColors.swift in Sources */,
				5288B1A12230419E00B4F874 /* PanelAnimationController.swift in Sources */,
				5288B19D222F589A00B4F874 /* UserDefaultsManager.swift in Sources */,
				52D4165C223459B60080E8E0 /* TextLoader.swift in Sources */,
				525F6635222A21B80020FC65 /* PassthroughNavigationController.swift in Sources */,
				5288B1902228C5D300B4F874 /* PanelViewModel.swift in Sources */,
				5277D62D2228648B00464E64 /* MapViewModel.swift in Sources */,
				525F6639222A40A20020FC65 /* CityViewController.swift in Sources */,
				525F6641222A44E20020FC65 /* CityHeaderViewModel.swift in Sources */,
				524A47DA222F054800E00291 /* CityCompanyCollectionCell.swift in Sources */,
				5288B196222E1E6B00B4F874 /* CityCompany.swift in Sources */,
				5288B18F2228C5D300B4F874 /* PanelViewController.swift in Sources */,
				525F665F222A73A00020FC65 /* UICollectionView+Nib.swift in Sources */,
			);
			runOnlyForDeploymentPostprocessing = 0;
		};
		5277D5BB221E766200464E64 /* Sources */ = {
			isa = PBXSourcesBuildPhase;
			buildActionMask = 2147483647;
			files = (
				5277D5C4221E766200464E64 /* L3Tests.swift in Sources */,
			);
			runOnlyForDeploymentPostprocessing = 0;
		};
		5277D5C6221E766200464E64 /* Sources */ = {
			isa = PBXSourcesBuildPhase;
			buildActionMask = 2147483647;
			files = (
				5277D5CF221E766200464E64 /* L3UITests.swift in Sources */,
			);
			runOnlyForDeploymentPostprocessing = 0;
		};
/* End PBXSourcesBuildPhase section */

/* Begin PBXTargetDependency section */
		5277D5C1221E766200464E64 /* PBXTargetDependency */ = {
			isa = PBXTargetDependency;
			target = 5277D5AA221E766000464E64 /* L3 */;
			targetProxy = 5277D5C0221E766200464E64 /* PBXContainerItemProxy */;
		};
		5277D5CC221E766200464E64 /* PBXTargetDependency */ = {
			isa = PBXTargetDependency;
			target = 5277D5AA221E766000464E64 /* L3 */;
			targetProxy = 5277D5CB221E766200464E64 /* PBXContainerItemProxy */;
		};
/* End PBXTargetDependency section */

/* Begin PBXVariantGroup section */
		5277D5B7221E766200464E64 /* LaunchScreen.storyboard */ = {
			isa = PBXVariantGroup;
			children = (
				5277D5B8221E766200464E64 /* Base */,
			);
			name = LaunchScreen.storyboard;
			sourceTree = "<group>";
		};
/* End PBXVariantGroup section */

/* Begin XCBuildConfiguration section */
		5277D5D1221E766200464E64 /* Debug */ = {
			isa = XCBuildConfiguration;
			buildSettings = {
				ALWAYS_SEARCH_USER_PATHS = NO;
				CLANG_ANALYZER_NONNULL = YES;
				CLANG_ANALYZER_NUMBER_OBJECT_CONVERSION = YES_AGGRESSIVE;
				CLANG_CXX_LANGUAGE_STANDARD = "gnu++14";
				CLANG_CXX_LIBRARY = "libc++";
				CLANG_ENABLE_MODULES = YES;
				CLANG_ENABLE_OBJC_ARC = YES;
				CLANG_ENABLE_OBJC_WEAK = YES;
				CLANG_WARN_BLOCK_CAPTURE_AUTORELEASING = YES;
				CLANG_WARN_BOOL_CONVERSION = YES;
				CLANG_WARN_COMMA = YES;
				CLANG_WARN_CONSTANT_CONVERSION = YES;
				CLANG_WARN_DEPRECATED_OBJC_IMPLEMENTATIONS = YES;
				CLANG_WARN_DIRECT_OBJC_ISA_USAGE = YES_ERROR;
				CLANG_WARN_DOCUMENTATION_COMMENTS = YES;
				CLANG_WARN_EMPTY_BODY = YES;
				CLANG_WARN_ENUM_CONVERSION = YES;
				CLANG_WARN_INFINITE_RECURSION = YES;
				CLANG_WARN_INT_CONVERSION = YES;
				CLANG_WARN_NON_LITERAL_NULL_CONVERSION = YES;
				CLANG_WARN_OBJC_IMPLICIT_RETAIN_SELF = YES;
				CLANG_WARN_OBJC_LITERAL_CONVERSION = YES;
				CLANG_WARN_OBJC_ROOT_CLASS = YES_ERROR;
				CLANG_WARN_RANGE_LOOP_ANALYSIS = YES;
				CLANG_WARN_STRICT_PROTOTYPES = YES;
				CLANG_WARN_SUSPICIOUS_MOVE = YES;
				CLANG_WARN_UNGUARDED_AVAILABILITY = YES_AGGRESSIVE;
				CLANG_WARN_UNREACHABLE_CODE = YES;
				CLANG_WARN__DUPLICATE_METHOD_MATCH = YES;
				CODE_SIGN_IDENTITY = "iPhone Developer";
				COPY_PHASE_STRIP = NO;
				DEBUG_INFORMATION_FORMAT = dwarf;
				ENABLE_STRICT_OBJC_MSGSEND = YES;
				ENABLE_TESTABILITY = YES;
				GCC_C_LANGUAGE_STANDARD = gnu11;
				GCC_DYNAMIC_NO_PIC = NO;
				GCC_NO_COMMON_BLOCKS = YES;
				GCC_OPTIMIZATION_LEVEL = 0;
				GCC_PREPROCESSOR_DEFINITIONS = (
					"DEBUG=1",
					"$(inherited)",
				);
				GCC_WARN_64_TO_32_BIT_CONVERSION = YES;
				GCC_WARN_ABOUT_RETURN_TYPE = YES_ERROR;
				GCC_WARN_UNDECLARED_SELECTOR = YES;
				GCC_WARN_UNINITIALIZED_AUTOS = YES_AGGRESSIVE;
				GCC_WARN_UNUSED_FUNCTION = YES;
				GCC_WARN_UNUSED_VARIABLE = YES;
				IPHONEOS_DEPLOYMENT_TARGET = 12.1;
				MTL_ENABLE_DEBUG_INFO = INCLUDE_SOURCE;
				MTL_FAST_MATH = YES;
				ONLY_ACTIVE_ARCH = YES;
				SDKROOT = iphoneos;
				SWIFT_ACTIVE_COMPILATION_CONDITIONS = DEBUG;
				SWIFT_OPTIMIZATION_LEVEL = "-Onone";
			};
			name = Debug;
		};
		5277D5D2221E766200464E64 /* Release */ = {
			isa = XCBuildConfiguration;
			buildSettings = {
				ALWAYS_SEARCH_USER_PATHS = NO;
				CLANG_ANALYZER_NONNULL = YES;
				CLANG_ANALYZER_NUMBER_OBJECT_CONVERSION = YES_AGGRESSIVE;
				CLANG_CXX_LANGUAGE_STANDARD = "gnu++14";
				CLANG_CXX_LIBRARY = "libc++";
				CLANG_ENABLE_MODULES = YES;
				CLANG_ENABLE_OBJC_ARC = YES;
				CLANG_ENABLE_OBJC_WEAK = YES;
				CLANG_WARN_BLOCK_CAPTURE_AUTORELEASING = YES;
				CLANG_WARN_BOOL_CONVERSION = YES;
				CLANG_WARN_COMMA = YES;
				CLANG_WARN_CONSTANT_CONVERSION = YES;
				CLANG_WARN_DEPRECATED_OBJC_IMPLEMENTATIONS = YES;
				CLANG_WARN_DIRECT_OBJC_ISA_USAGE = YES_ERROR;
				CLANG_WARN_DOCUMENTATION_COMMENTS = YES;
				CLANG_WARN_EMPTY_BODY = YES;
				CLANG_WARN_ENUM_CONVERSION = YES;
				CLANG_WARN_INFINITE_RECURSION = YES;
				CLANG_WARN_INT_CONVERSION = YES;
				CLANG_WARN_NON_LITERAL_NULL_CONVERSION = YES;
				CLANG_WARN_OBJC_IMPLICIT_RETAIN_SELF = YES;
				CLANG_WARN_OBJC_LITERAL_CONVERSION = YES;
				CLANG_WARN_OBJC_ROOT_CLASS = YES_ERROR;
				CLANG_WARN_RANGE_LOOP_ANALYSIS = YES;
				CLANG_WARN_STRICT_PROTOTYPES = YES;
				CLANG_WARN_SUSPICIOUS_MOVE = YES;
				CLANG_WARN_UNGUARDED_AVAILABILITY = YES_AGGRESSIVE;
				CLANG_WARN_UNREACHABLE_CODE = YES;
				CLANG_WARN__DUPLICATE_METHOD_MATCH = YES;
				CODE_SIGN_IDENTITY = "iPhone Developer";
				COPY_PHASE_STRIP = NO;
				DEBUG_INFORMATION_FORMAT = "dwarf-with-dsym";
				ENABLE_NS_ASSERTIONS = NO;
				ENABLE_STRICT_OBJC_MSGSEND = YES;
				GCC_C_LANGUAGE_STANDARD = gnu11;
				GCC_NO_COMMON_BLOCKS = YES;
				GCC_WARN_64_TO_32_BIT_CONVERSION = YES;
				GCC_WARN_ABOUT_RETURN_TYPE = YES_ERROR;
				GCC_WARN_UNDECLARED_SELECTOR = YES;
				GCC_WARN_UNINITIALIZED_AUTOS = YES_AGGRESSIVE;
				GCC_WARN_UNUSED_FUNCTION = YES;
				GCC_WARN_UNUSED_VARIABLE = YES;
				IPHONEOS_DEPLOYMENT_TARGET = 12.1;
				MTL_ENABLE_DEBUG_INFO = NO;
				MTL_FAST_MATH = YES;
				SDKROOT = iphoneos;
				SWIFT_COMPILATION_MODE = wholemodule;
				SWIFT_OPTIMIZATION_LEVEL = "-O";
				VALIDATE_PRODUCT = YES;
			};
			name = Release;
		};
		5277D5D4221E766200464E64 /* Debug */ = {
			isa = XCBuildConfiguration;
			baseConfigurationReference = 2B581217E685FE8D31FC0D30 /* Pods-L3.debug.xcconfig */;
			buildSettings = {
				ASSETCATALOG_COMPILER_APPICON_NAME = AppIcon;
				CODE_SIGN_STYLE = Automatic;
				DEVELOPMENT_TEAM = AX2D84BZ47;
				INFOPLIST_FILE = L3/Info.plist;
				LD_RUNPATH_SEARCH_PATHS = (
					"$(inherited)",
					"@executable_path/Frameworks",
				);
				PRODUCT_BUNDLE_IDENTIFIER = ms.L3;
				PRODUCT_NAME = "$(TARGET_NAME)";
				SWIFT_VERSION = 4.2;
				TARGETED_DEVICE_FAMILY = "1,2";
			};
			name = Debug;
		};
		5277D5D5221E766200464E64 /* Release */ = {
			isa = XCBuildConfiguration;
			baseConfigurationReference = 6E5C48AC3B3BF6D4869DACEC /* Pods-L3.release.xcconfig */;
			buildSettings = {
				ASSETCATALOG_COMPILER_APPICON_NAME = AppIcon;
				CODE_SIGN_STYLE = Automatic;
				DEVELOPMENT_TEAM = AX2D84BZ47;
				INFOPLIST_FILE = L3/Info.plist;
				LD_RUNPATH_SEARCH_PATHS = (
					"$(inherited)",
					"@executable_path/Frameworks",
				);
				PRODUCT_BUNDLE_IDENTIFIER = ms.L3;
				PRODUCT_NAME = "$(TARGET_NAME)";
				SWIFT_VERSION = 4.2;
				TARGETED_DEVICE_FAMILY = "1,2";
			};
			name = Release;
		};
		5277D5D7221E766200464E64 /* Debug */ = {
			isa = XCBuildConfiguration;
			baseConfigurationReference = CFC64734AB0F0A8362C8E8DE /* Pods-L3Tests.debug.xcconfig */;
			buildSettings = {
				ALWAYS_EMBED_SWIFT_STANDARD_LIBRARIES = YES;
				BUNDLE_LOADER = "$(TEST_HOST)";
				CODE_SIGN_STYLE = Automatic;
				DEVELOPMENT_TEAM = AX2D84BZ47;
				INFOPLIST_FILE = L3Tests/Info.plist;
				LD_RUNPATH_SEARCH_PATHS = (
					"$(inherited)",
					"@executable_path/Frameworks",
					"@loader_path/Frameworks",
				);
				PRODUCT_BUNDLE_IDENTIFIER = ms.L3Tests;
				PRODUCT_NAME = "$(TARGET_NAME)";
				SWIFT_VERSION = 4.2;
				TARGETED_DEVICE_FAMILY = "1,2";
				TEST_HOST = "$(BUILT_PRODUCTS_DIR)/L3.app/L3";
			};
			name = Debug;
		};
		5277D5D8221E766200464E64 /* Release */ = {
			isa = XCBuildConfiguration;
			baseConfigurationReference = EE9970D02E70770A29CF5F60 /* Pods-L3Tests.release.xcconfig */;
			buildSettings = {
				ALWAYS_EMBED_SWIFT_STANDARD_LIBRARIES = YES;
				BUNDLE_LOADER = "$(TEST_HOST)";
				CODE_SIGN_STYLE = Automatic;
				DEVELOPMENT_TEAM = AX2D84BZ47;
				INFOPLIST_FILE = L3Tests/Info.plist;
				LD_RUNPATH_SEARCH_PATHS = (
					"$(inherited)",
					"@executable_path/Frameworks",
					"@loader_path/Frameworks",
				);
				PRODUCT_BUNDLE_IDENTIFIER = ms.L3Tests;
				PRODUCT_NAME = "$(TARGET_NAME)";
				SWIFT_VERSION = 4.2;
				TARGETED_DEVICE_FAMILY = "1,2";
				TEST_HOST = "$(BUILT_PRODUCTS_DIR)/L3.app/L3";
			};
			name = Release;
		};
		5277D5DA221E766200464E64 /* Debug */ = {
			isa = XCBuildConfiguration;
			baseConfigurationReference = 5D9748D800289A94D8A3AA9D /* Pods-L3UITests.debug.xcconfig */;
			buildSettings = {
				ALWAYS_EMBED_SWIFT_STANDARD_LIBRARIES = YES;
				CODE_SIGN_STYLE = Automatic;
				DEVELOPMENT_TEAM = AX2D84BZ47;
				INFOPLIST_FILE = L3UITests/Info.plist;
				LD_RUNPATH_SEARCH_PATHS = (
					"$(inherited)",
					"@executable_path/Frameworks",
					"@loader_path/Frameworks",
				);
				PRODUCT_BUNDLE_IDENTIFIER = ms.L3UITests;
				PRODUCT_NAME = "$(TARGET_NAME)";
				SWIFT_VERSION = 4.2;
				TARGETED_DEVICE_FAMILY = "1,2";
				TEST_TARGET_NAME = L3;
			};
			name = Debug;
		};
		5277D5DB221E766200464E64 /* Release */ = {
			isa = XCBuildConfiguration;
			baseConfigurationReference = 9D6FCC55E327EFA27013F2C6 /* Pods-L3UITests.release.xcconfig */;
			buildSettings = {
				ALWAYS_EMBED_SWIFT_STANDARD_LIBRARIES = YES;
				CODE_SIGN_STYLE = Automatic;
				DEVELOPMENT_TEAM = AX2D84BZ47;
				INFOPLIST_FILE = L3UITests/Info.plist;
				LD_RUNPATH_SEARCH_PATHS = (
					"$(inherited)",
					"@executable_path/Frameworks",
					"@loader_path/Frameworks",
				);
				PRODUCT_BUNDLE_IDENTIFIER = ms.L3UITests;
				PRODUCT_NAME = "$(TARGET_NAME)";
				SWIFT_VERSION = 4.2;
				TARGETED_DEVICE_FAMILY = "1,2";
				TEST_TARGET_NAME = L3;
			};
			name = Release;
		};
/* End XCBuildConfiguration section */

/* Begin XCConfigurationList section */
		5277D5A6221E766000464E64 /* Build configuration list for PBXProject "L3" */ = {
			isa = XCConfigurationList;
			buildConfigurations = (
				5277D5D1221E766200464E64 /* Debug */,
				5277D5D2221E766200464E64 /* Release */,
			);
			defaultConfigurationIsVisible = 0;
			defaultConfigurationName = Release;
		};
		5277D5D3221E766200464E64 /* Build configuration list for PBXNativeTarget "L3" */ = {
			isa = XCConfigurationList;
			buildConfigurations = (
				5277D5D4221E766200464E64 /* Debug */,
				5277D5D5221E766200464E64 /* Release */,
			);
			defaultConfigurationIsVisible = 0;
			defaultConfigurationName = Release;
		};
		5277D5D6221E766200464E64 /* Build configuration list for PBXNativeTarget "L3Tests" */ = {
			isa = XCConfigurationList;
			buildConfigurations = (
				5277D5D7221E766200464E64 /* Debug */,
				5277D5D8221E766200464E64 /* Release */,
			);
			defaultConfigurationIsVisible = 0;
			defaultConfigurationName = Release;
		};
		5277D5D9221E766200464E64 /* Build configuration list for PBXNativeTarget "L3UITests" */ = {
			isa = XCConfigurationList;
			buildConfigurations = (
				5277D5DA221E766200464E64 /* Debug */,
				5277D5DB221E766200464E64 /* Release */,
			);
			defaultConfigurationIsVisible = 0;
			defaultConfigurationName = Release;
		};
/* End XCConfigurationList section */
	};
	rootObject = 5277D5A3221E766000464E64 /* Project object */;
}
